// !$*UTF8*$!
{
	archiveVersion = 1;
	classes = {
	};
	objectVersion = 55;
	objects = {

/* Begin PBXBuildFile section */
		40D39DEA28C5A172009A62CB /* AppDelegate.swift in Sources */ = {isa = PBXBuildFile; fileRef = 40D39DE928C5A172009A62CB /* AppDelegate.swift */; };
		40D39DEC28C5A172009A62CB /* SceneDelegate.swift in Sources */ = {isa = PBXBuildFile; fileRef = 40D39DEB28C5A172009A62CB /* SceneDelegate.swift */; };
		40D39DEE28C5A172009A62CB /* ViewController.swift in Sources */ = {isa = PBXBuildFile; fileRef = 40D39DED28C5A172009A62CB /* ViewController.swift */; };
		40D39DF128C5A172009A62CB /* Main.storyboard in Resources */ = {isa = PBXBuildFile; fileRef = 40D39DEF28C5A172009A62CB /* Main.storyboard */; };
		40D39DF328C5A175009A62CB /* Assets.xcassets in Resources */ = {isa = PBXBuildFile; fileRef = 40D39DF228C5A175009A62CB /* Assets.xcassets */; };
		40D39DF628C5A175009A62CB /* LaunchScreen.storyboard in Resources */ = {isa = PBXBuildFile; fileRef = 40D39DF428C5A175009A62CB /* LaunchScreen.storyboard */; };
		40D39DFF28C5C3CC009A62CB /* Realm in Frameworks */ = {isa = PBXBuildFile; productRef = 40D39DFE28C5C3CC009A62CB /* Realm */; };
		40D39E0128C5C3CC009A62CB /* RealmSwift in Frameworks */ = {isa = PBXBuildFile; productRef = 40D39E0028C5C3CC009A62CB /* RealmSwift */; };
		40D39E0328C5C647009A62CB /* Todo.swift in Sources */ = {isa = PBXBuildFile; fileRef = 40D39E0228C5C647009A62CB /* Todo.swift */; };
		40D39E0528C5C6D5009A62CB /* MainViewController.swift in Sources */ = {isa = PBXBuildFile; fileRef = 40D39E0428C5C6D5009A62CB /* MainViewController.swift */; };
/* End PBXBuildFile section */

/* Begin PBXFileReference section */
		40D39DE628C5A172009A62CB /* Todo.app */ = {isa = PBXFileReference; explicitFileType = wrapper.application; includeInIndex = 0; path = Todo.app; sourceTree = BUILT_PRODUCTS_DIR; };
		40D39DE928C5A172009A62CB /* AppDelegate.swift */ = {isa = PBXFileReference; lastKnownFileType = sourcecode.swift; path = AppDelegate.swift; sourceTree = "<group>"; };
		40D39DEB28C5A172009A62CB /* SceneDelegate.swift */ = {isa = PBXFileReference; lastKnownFileType = sourcecode.swift; path = SceneDelegate.swift; sourceTree = "<group>"; };
		40D39DED28C5A172009A62CB /* ViewController.swift */ = {isa = PBXFileReference; lastKnownFileType = sourcecode.swift; path = ViewController.swift; sourceTree = "<group>"; };
		40D39DF028C5A172009A62CB /* Base */ = {isa = PBXFileReference; lastKnownFileType = file.storyboard; name = Base; path = Base.lproj/Main.storyboard; sourceTree = "<group>"; };
		40D39DF228C5A175009A62CB /* Assets.xcassets */ = {isa = PBXFileReference; lastKnownFileType = folder.assetcatalog; path = Assets.xcassets; sourceTree = "<group>"; };
		40D39DF528C5A175009A62CB /* Base */ = {isa = PBXFileReference; lastKnownFileType = file.storyboard; name = Base; path = Base.lproj/LaunchScreen.storyboard; sourceTree = "<group>"; };
		40D39DF728C5A175009A62CB /* Info.plist */ = {isa = PBXFileReference; lastKnownFileType = text.plist.xml; path = Info.plist; sourceTree = "<group>"; };
		40D39E0228C5C647009A62CB /* Todo.swift */ = {isa = PBXFileReference; lastKnownFileType = sourcecode.swift; path = Todo.swift; sourceTree = "<group>"; };
		40D39E0428C5C6D5009A62CB /* MainViewController.swift */ = {isa = PBXFileReference; lastKnownFileType = sourcecode.swift; path = MainViewController.swift; sourceTree = "<group>"; };
/* End PBXFileReference section */

/* Begin PBXFrameworksBuildPhase section */
		40D39DE328C5A172009A62CB /* Frameworks */ = {
			isa = PBXFrameworksBuildPhase;
			buildActionMask = 2147483647;
			files = (
				40D39E0128C5C3CC009A62CB /* RealmSwift in Frameworks */,
				40D39DFF28C5C3CC009A62CB /* Realm in Frameworks */,
			);
			runOnlyForDeploymentPostprocessing = 0;
		};
/* End PBXFrameworksBuildPhase section */

/* Begin PBXGroup section */
		40D39DDD28C5A172009A62CB = {
			isa = PBXGroup;
			children = (
				40D39DE828C5A172009A62CB /* Todo */,
				40D39DE728C5A172009A62CB /* Products */,
			);
			sourceTree = "<group>";
		};
		40D39DE728C5A172009A62CB /* Products */ = {
			isa = PBXGroup;
			children = (
				40D39DE628C5A172009A62CB /* Todo.app */,
			);
			name = Products;
			sourceTree = "<group>";
		};
		40D39DE828C5A172009A62CB /* Todo */ = {
			isa = PBXGroup;
			children = (
				40D39DE928C5A172009A62CB /* AppDelegate.swift */,
				40D39DEB28C5A172009A62CB /* SceneDelegate.swift */,
				40D39DED28C5A172009A62CB /* ViewController.swift */,
				40D39DEF28C5A172009A62CB /* Main.storyboard */,
				40D39DF228C5A175009A62CB /* Assets.xcassets */,
				40D39DF428C5A175009A62CB /* LaunchScreen.storyboard */,
				40D39DF728C5A175009A62CB /* Info.plist */,
				40D39E0228C5C647009A62CB /* Todo.swift */,
				40D39E0428C5C6D5009A62CB /* MainViewController.swift */,
			);
			path = Todo;
			sourceTree = "<group>";
		};
/* End PBXGroup section */

/* Begin PBXNativeTarget section */
		40D39DE528C5A172009A62CB /* Todo */ = {
			isa = PBXNativeTarget;
			buildConfigurationList = 40D39DFA28C5A175009A62CB /* Build configuration list for PBXNativeTarget "Todo" */;
			buildPhases = (
				40D39DE228C5A172009A62CB /* Sources */,
				40D39DE328C5A172009A62CB /* Frameworks */,
				40D39DE428C5A172009A62CB /* Resources */,
			);
			buildRules = (
			);
			dependencies = (
			);
			name = Todo;
			packageProductDependencies = (
				40D39DFE28C5C3CC009A62CB /* Realm */,
				40D39E0028C5C3CC009A62CB /* RealmSwift */,
			);
			productName = Todo;
			productReference = 40D39DE628C5A172009A62CB /* Todo.app */;
			productType = "com.apple.product-type.application";
		};
/* End PBXNativeTarget section */

/* Begin PBXProject section */
		40D39DDE28C5A172009A62CB /* Project object */ = {
			isa = PBXProject;
			attributes = {
				BuildIndependentTargetsInParallel = 1;
				LastSwiftUpdateCheck = 1340;
				LastUpgradeCheck = 1340;
				TargetAttributes = {
					40D39DE528C5A172009A62CB = {
						CreatedOnToolsVersion = 13.4;
					};
				};
			};
			buildConfigurationList = 40D39DE128C5A172009A62CB /* Build configuration list for PBXProject "Todo" */;
			compatibilityVersion = "Xcode 13.0";
			developmentRegion = en;
			hasScannedForEncodings = 0;
			knownRegions = (
				en,
				Base,
			);
			mainGroup = 40D39DDD28C5A172009A62CB;
			packageReferences = (
				40D39DFD28C5C3CB009A62CB /* XCRemoteSwiftPackageReference "realm-swift" */,
			);
			productRefGroup = 40D39DE728C5A172009A62CB /* Products */;
			projectDirPath = "";
			projectRoot = "";
			targets = (
				40D39DE528C5A172009A62CB /* Todo */,
			);
		};
/* End PBXProject section */

/* Begin PBXResourcesBuildPhase section */
		40D39DE428C5A172009A62CB /* Resources */ = {
			isa = PBXResourcesBuildPhase;
			buildActionMask = 2147483647;
			files = (
				40D39DF628C5A175009A62CB /* LaunchScreen.storyboard in Resources */,
				40D39DF328C5A175009A62CB /* Assets.xcassets in Resources */,
				40D39DF128C5A172009A62CB /* Main.storyboard in Resources */,
			);
			runOnlyForDeploymentPostprocessing = 0;
		};
/* End PBXResourcesBuildPhase section */

/* Begin PBXSourcesBuildPhase section */
		40D39DE228C5A172009A62CB /* Sources */ = {
			isa = PBXSourcesBuildPhase;
			buildActionMask = 2147483647;
			files = (
				40D39DEE28C5A172009A62CB /* ViewController.swift in Sources */,
				40D39DEA28C5A172009A62CB /* AppDelegate.swift in Sources */,
				40D39DEC28C5A172009A62CB /* SceneDelegate.swift in Sources */,
				40D39E0328C5C647009A62CB /* Todo.swift in Sources */,
				40D39E0528C5C6D5009A62CB /* MainViewController.swift in Sources */,
			);
			runOnlyForDeploymentPostprocessing = 0;
		};
/* End PBXSourcesBuildPhase section */

/* Begin PBXVariantGroup section */
		40D39DEF28C5A172009A62CB /* Main.storyboard */ = {
			isa = PBXVariantGroup;
			children = (
				40D39DF028C5A172009A62CB /* Base */,
			);
			name = Main.storyboard;
			sourceTree = "<group>";
		};
		40D39DF428C5A175009A62CB /* LaunchScreen.storyboard */ = {
			isa = PBXVariantGroup;
			children = (
				40D39DF528C5A175009A62CB /* Base */,
			);
			name = LaunchScreen.storyboard;
			sourceTree = "<group>";
		};
/* End PBXVariantGroup section */

/* Begin XCBuildConfiguration section */
		40D39DF828C5A175009A62CB /* Debug */ = {
			isa = XCBuildConfiguration;
			buildSettings = {
				ALWAYS_SEARCH_USER_PATHS = NO;
				CLANG_ANALYZER_NONNULL = YES;
				CLANG_ANALYZER_NUMBER_OBJECT_CONVERSION = YES_AGGRESSIVE;
				CLANG_CXX_LANGUAGE_STANDARD = "gnu++17";
				CLANG_ENABLE_MODULES = YES;
				CLANG_ENABLE_OBJC_ARC = YES;
				CLANG_ENABLE_OBJC_WEAK = YES;
				CLANG_WARN_BLOCK_CAPTURE_AUTORELEASING = YES;
				CLANG_WARN_BOOL_CONVERSION = YES;
				CLANG_WARN_COMMA = YES;
				CLANG_WARN_CONSTANT_CONVERSION = YES;
				CLANG_WARN_DEPRECATED_OBJC_IMPLEMENTATIONS = YES;
				CLANG_WARN_DIRECT_OBJC_ISA_USAGE = YES_ERROR;
				CLANG_WARN_DOCUMENTATION_COMMENTS = YES;
				CLANG_WARN_EMPTY_BODY = YES;
				CLANG_WARN_ENUM_CONVERSION = YES;
				CLANG_WARN_INFINITE_RECURSION = YES;
				CLANG_WARN_INT_CONVERSION = YES;
				CLANG_WARN_NON_LITERAL_NULL_CONVERSION = YES;
				CLANG_WARN_OBJC_IMPLICIT_RETAIN_SELF = YES;
				CLANG_WARN_OBJC_LITERAL_CONVERSION = YES;
				CLANG_WARN_OBJC_ROOT_CLASS = YES_ERROR;
				CLANG_WARN_QUOTED_INCLUDE_IN_FRAMEWORK_HEADER = YES;
				CLANG_WARN_RANGE_LOOP_ANALYSIS = YES;
				CLANG_WARN_STRICT_PROTOTYPES = YES;
				CLANG_WARN_SUSPICIOUS_MOVE = YES;
				CLANG_WARN_UNGUARDED_AVAILABILITY = YES_AGGRESSIVE;
				CLANG_WARN_UNREACHABLE_CODE = YES;
				CLANG_WARN__DUPLICATE_METHOD_MATCH = YES;
				COPY_PHASE_STRIP = NO;
				DEBUG_INFORMATION_FORMAT = dwarf;
				ENABLE_STRICT_OBJC_MSGSEND = YES;
				ENABLE_TESTABILITY = YES;
				GCC_C_LANGUAGE_STANDARD = gnu11;
				GCC_DYNAMIC_NO_PIC = NO;
				GCC_NO_COMMON_BLOCKS = YES;
				GCC_OPTIMIZATION_LEVEL = 0;
				GCC_PREPROCESSOR_DEFINITIONS = (
					"DEBUG=1",
					"$(inherited)",
				);
				GCC_WARN_64_TO_32_BIT_CONVERSION = YES;
				GCC_WARN_ABOUT_RETURN_TYPE = YES_ERROR;
				GCC_WARN_UNDECLARED_SELECTOR = YES;
				GCC_WARN_UNINITIALIZED_AUTOS = YES_AGGRESSIVE;
				GCC_WARN_UNUSED_FUNCTION = YES;
				GCC_WARN_UNUSED_VARIABLE = YES;
				IPHONEOS_DEPLOYMENT_TARGET = 15.5;
				MTL_ENABLE_DEBUG_INFO = INCLUDE_SOURCE;
				MTL_FAST_MATH = YES;
				ONLY_ACTIVE_ARCH = YES;
				SDKROOT = iphoneos;
				SWIFT_ACTIVE_COMPILATION_CONDITIONS = DEBUG;
				SWIFT_OPTIMIZATION_LEVEL = "-Onone";
			};
			name = Debug;
		};
		40D39DF928C5A175009A62CB /* Release */ = {
			isa = XCBuildConfiguration;
			buildSettings = {
				ALWAYS_SEARCH_USER_PATHS = NO;
				CLANG_ANALYZER_NONNULL = YES;
				CLANG_ANALYZER_NUMBER_OBJECT_CONVERSION = YES_AGGRESSIVE;
				CLANG_CXX_LANGUAGE_STANDARD = "gnu++17";
				CLANG_ENABLE_MODULES = YES;
				CLANG_ENABLE_OBJC_ARC = YES;
				CLANG_ENABLE_OBJC_WEAK = YES;
				CLANG_WARN_BLOCK_CAPTURE_AUTORELEASING = YES;
				CLANG_WARN_BOOL_CONVERSION = YES;
				CLANG_WARN_COMMA = YES;
				CLANG_WARN_CONSTANT_CONVERSION = YES;
				CLANG_WARN_DEPRECATED_OBJC_IMPLEMENTATIONS = YES;
				CLANG_WARN_DIRECT_OBJC_ISA_USAGE = YES_ERROR;
				CLANG_WARN_DOCUMENTATION_COMMENTS = YES;
				CLANG_WARN_EMPTY_BODY = YES;
				CLANG_WARN_ENUM_CONVERSION = YES;
				CLANG_WARN_INFINITE_RECURSION = YES;
				CLANG_WARN_INT_CONVERSION = YES;
				CLANG_WARN_NON_LITERAL_NULL_CONVERSION = YES;
				CLANG_WARN_OBJC_IMPLICIT_RETAIN_SELF = YES;
				CLANG_WARN_OBJC_LITERAL_CONVERSION = YES;
				CLANG_WARN_OBJC_ROOT_CLASS = YES_ERROR;
				CLANG_WARN_QUOTED_INCLUDE_IN_FRAMEWORK_HEADER = YES;
				CLANG_WARN_RANGE_LOOP_ANALYSIS = YES;
				CLANG_WARN_STRICT_PROTOTYPES = YES;
				CLANG_WARN_SUSPICIOUS_MOVE = YES;
				CLANG_WARN_UNGUARDED_AVAILABILITY = YES_AGGRESSIVE;
				CLANG_WARN_UNREACHABLE_CODE = YES;
				CLANG_WARN__DUPLICATE_METHOD_MATCH = YES;
				COPY_PHASE_STRIP = NO;
				DEBUG_INFORMATION_FORMAT = "dwarf-with-dsym";
				ENABLE_NS_ASSERTIONS = NO;
				ENABLE_STRICT_OBJC_MSGSEND = YES;
				GCC_C_LANGUAGE_STANDARD = gnu11;
				GCC_NO_COMMON_BLOCKS = YES;
				GCC_WARN_64_TO_32_BIT_CONVERSION = YES;
				GCC_WARN_ABOUT_RETURN_TYPE = YES_ERROR;
				GCC_WARN_UNDECLARED_SELECTOR = YES;
				GCC_WARN_UNINITIALIZED_AUTOS = YES_AGGRESSIVE;
				GCC_WARN_UNUSED_FUNCTION = YES;
				GCC_WARN_UNUSED_VARIABLE = YES;
				IPHONEOS_DEPLOYMENT_TARGET = 15.5;
				MTL_ENABLE_DEBUG_INFO = NO;
				MTL_FAST_MATH = YES;
				SDKROOT = iphoneos;
				SWIFT_COMPILATION_MODE = wholemodule;
				SWIFT_OPTIMIZATION_LEVEL = "-O";
				VALIDATE_PRODUCT = YES;
			};
			name = Release;
		};
		40D39DFB28C5A175009A62CB /* Debug */ = {
			isa = XCBuildConfiguration;
			buildSettings = {
				ASSETCATALOG_COMPILER_APPICON_NAME = AppIcon;
				ASSETCATALOG_COMPILER_GLOBAL_ACCENT_COLOR_NAME = AccentColor;
				CODE_SIGN_STYLE = Automatic;
				CURRENT_PROJECT_VERSION = 1;
				GENERATE_INFOPLIST_FILE = YES;
				INFOPLIST_FILE = Todo/Info.plist;
				INFOPLIST_KEY_UIApplicationSupportsIndirectInputEvents = YES;
				INFOPLIST_KEY_UILaunchStoryboardName = LaunchScreen;
				INFOPLIST_KEY_UIMainStoryboardFile = Main;
				INFOPLIST_KEY_UISupportedInterfaceOrientations_iPad = "UIInterfaceOrientationPortrait UIInterfaceOrientationPortraitUpsideDown UIInterfaceOrientationLandscapeLeft UIInterfaceOrientationLandscapeRight";
				INFOPLIST_KEY_UISupportedInterfaceOrientations_iPhone = "UIInterfaceOrientationPortrait UIInterfaceOrientationLandscapeLeft UIInterfaceOrientationLandscapeRight";
				LD_RUNPATH_SEARCH_PATHS = (
					"$(inherited)",
					"@executable_path/Frameworks",
				);
				MARKETING_VERSION = 1.0;
				PRODUCT_BUNDLE_IDENTIFIER = marina.Todo;
				PRODUCT_NAME = "$(TARGET_NAME)";
				SWIFT_EMIT_LOC_STRINGS = YES;
				SWIFT_VERSION = 5.0;
				TARGETED_DEVICE_FAMILY = "1,2";
			};
			name = Debug;
		};
		40D39DFC28C5A175009A62CB /* Release */ = {
			isa = XCBuildConfiguration;
			buildSettings = {
				ASSETCATALOG_COMPILER_APPICON_NAME = AppIcon;
				ASSETCATALOG_COMPILER_GLOBAL_ACCENT_COLOR_NAME = AccentColor;
				CODE_SIGN_STYLE = Automatic;
				CURRENT_PROJECT_VERSION = 1;
				GENERATE_INFOPLIST_FILE = YES;
				INFOPLIST_FILE = Todo/Info.plist;
				INFOPLIST_KEY_UIApplicationSupportsIndirectInputEvents = YES;
				INFOPLIST_KEY_UILaunchStoryboardName = LaunchScreen;
				INFOPLIST_KEY_UIMainStoryboardFile = Main;
				INFOPLIST_KEY_UISupportedInterfaceOrientations_iPad = "UIInterfaceOrientationPortrait UIInterfaceOrientationPortraitUpsideDown UIInterfaceOrientationLandscapeLeft UIInterfaceOrientationLandscapeRight";
				INFOPLIST_KEY_UISupportedInterfaceOrientations_iPhone = "UIInterfaceOrientationPortrait UIInterfaceOrientationLandscapeLeft UIInterfaceOrientationLandscapeRight";
				LD_RUNPATH_SEARCH_PATHS = (
					"$(inherited)",
					"@executable_path/Frameworks",
				);
				MARKETING_VERSION = 1.0;
				PRODUCT_BUNDLE_IDENTIFIER = marina.Todo;
				PRODUCT_NAME = "$(TARGET_NAME)";
				SWIFT_EMIT_LOC_STRINGS = YES;
				SWIFT_VERSION = 5.0;
				TARGETED_DEVICE_FAMILY = "1,2";
			};
			name = Release;
		};
/* End XCBuildConfiguration section */

/* Begin XCConfigurationList section */
		40D39DE128C5A172009A62CB /* Build configuration list for PBXProject "Todo" */ = {
			isa = XCConfigurationList;
			buildConfigurations = (
				40D39DF828C5A175009A62CB /* Debug */,
				40D39DF928C5A175009A62CB /* Release */,
			);
			defaultConfigurationIsVisible = 0;
			defaultConfigurationName = Release;
		};
		40D39DFA28C5A175009A62CB /* Build configuration list for PBXNativeTarget "Todo" */ = {
			isa = XCConfigurationList;
			buildConfigurations = (
				40D39DFB28C5A175009A62CB /* Debug */,
				40D39DFC28C5A175009A62CB /* Release */,
			);
			defaultConfigurationIsVisible = 0;
			defaultConfigurationName = Release;
		};
/* End XCConfigurationList section */

/* Begin XCRemoteSwiftPackageReference section */
		40D39DFD28C5C3CB009A62CB /* XCRemoteSwiftPackageReference "realm-swift" */ = {
			isa = XCRemoteSwiftPackageReference;
			repositoryURL = "https://github.com/realm/realm-swift";
			requirement = {
				kind = upToNextMajorVersion;
				minimumVersion = 5.0.0;
			};
		};
/* End XCRemoteSwiftPackageReference section */

/* Begin XCSwiftPackageProductDependency section */
		40D39DFE28C5C3CC009A62CB /* Realm */ = {
			isa = XCSwiftPackageProductDependency;
			package = 40D39DFD28C5C3CB009A62CB /* XCRemoteSwiftPackageReference "realm-swift" */;
			productName = Realm;
		};
		40D39E0028C5C3CC009A62CB /* RealmSwift */ = {
			isa = XCSwiftPackageProductDependency;
			package = 40D39DFD28C5C3CB009A62CB /* XCRemoteSwiftPackageReference "realm-swift" */;
			productName = RealmSwift;
		};
/* End XCSwiftPackageProductDependency section */
	};
	rootObject = 40D39DDE28C5A172009A62CB /* Project object */;
}
